// !$*UTF8*$!
{
	archiveVersion = 1;
	classes = {
	};
	objectVersion = 55;
	objects = {

/* Begin PBXBuildFile section */
		BC38FAA92869D38C004E9EDC /* WeatherDataService.swift in Sources */ = {isa = PBXBuildFile; fileRef = BC38FAA82869D38C004E9EDC /* WeatherDataService.swift */; };
		BC38FAAB2869DA55004E9EDC /* WeatherForecast.swift in Sources */ = {isa = PBXBuildFile; fileRef = BC38FAAA2869DA55004E9EDC /* WeatherForecast.swift */; };
		BC8B353B285144CB00AAD709 /* WeatherApp2App.swift in Sources */ = {isa = PBXBuildFile; fileRef = BC8B353A285144CB00AAD709 /* WeatherApp2App.swift */; };
		BC8B353D285144CB00AAD709 /* ContentView.swift in Sources */ = {isa = PBXBuildFile; fileRef = BC8B353C285144CB00AAD709 /* ContentView.swift */; };
		BC8B353F285144CD00AAD709 /* Assets.xcassets in Resources */ = {isa = PBXBuildFile; fileRef = BC8B353E285144CD00AAD709 /* Assets.xcassets */; };
		BC8B3542285144CD00AAD709 /* Preview Assets.xcassets in Resources */ = {isa = PBXBuildFile; fileRef = BC8B3541285144CD00AAD709 /* Preview Assets.xcassets */; };
		BC8B354C2851450F00AAD709 /* MainPageView.swift in Sources */ = {isa = PBXBuildFile; fileRef = BC8B354B2851450F00AAD709 /* MainPageView.swift */; };
		BC8B354E28514AFD00AAD709 /* WeatherViewModel.swift in Sources */ = {isa = PBXBuildFile; fileRef = BC8B354D28514AFD00AAD709 /* WeatherViewModel.swift */; };
		BC8B355028514C5400AAD709 /* WeatherModel.swift in Sources */ = {isa = PBXBuildFile; fileRef = BC8B354F28514C5400AAD709 /* WeatherModel.swift */; };
		BC8B3552285154CB00AAD709 /* LocationViewModel.swift in Sources */ = {isa = PBXBuildFile; fileRef = BC8B3551285154CB00AAD709 /* LocationViewModel.swift */; };
		BC8B35542851550900AAD709 /* LocationView.swift in Sources */ = {isa = PBXBuildFile; fileRef = BC8B35532851550900AAD709 /* LocationView.swift */; };
		BC8B35562851576D00AAD709 /* ForecastModel.swift in Sources */ = {isa = PBXBuildFile; fileRef = BC8B35552851576D00AAD709 /* ForecastModel.swift */; };
		BCC1F95C2860938C0027C00E /* PreviewProvider.swift in Sources */ = {isa = PBXBuildFile; fileRef = BCC1F95B2860938C0027C00E /* PreviewProvider.swift */; };
		BCD7D36A28528CF7005FC7A3 /* ForecastPerDayView.swift in Sources */ = {isa = PBXBuildFile; fileRef = BCD7D36928528CF7005FC7A3 /* ForecastPerDayView.swift */; };
		BCD7D36C28528D5A005FC7A3 /* ForecastPerHourView.swift in Sources */ = {isa = PBXBuildFile; fileRef = BCD7D36B28528D5A005FC7A3 /* ForecastPerHourView.swift */; };
		BCD7D36E28528DAB005FC7A3 /* CurrentWeatherView.swift in Sources */ = {isa = PBXBuildFile; fileRef = BCD7D36D28528DAB005FC7A3 /* CurrentWeatherView.swift */; };
		BCD7D37128538B21005FC7A3 /* LocationsData.swift in Sources */ = {isa = PBXBuildFile; fileRef = BCD7D37028538B21005FC7A3 /* LocationsData.swift */; };
		BCD7D37328538C68005FC7A3 /* CityModel.swift in Sources */ = {isa = PBXBuildFile; fileRef = BCD7D37228538C68005FC7A3 /* CityModel.swift */; };
		BCD7D3752853913B005FC7A3 /* CitiesListView.swift in Sources */ = {isa = PBXBuildFile; fileRef = BCD7D3742853913B005FC7A3 /* CitiesListView.swift */; };
		BCD7D37728573DDE005FC7A3 /* LocationMapAnnotationView.swift in Sources */ = {isa = PBXBuildFile; fileRef = BCD7D37628573DDE005FC7A3 /* LocationMapAnnotationView.swift */; };
		BCDC1BD12869C8E7005754BC /* NetworkManager.swift in Sources */ = {isa = PBXBuildFile; fileRef = BCDC1BD02869C8E7005754BC /* NetworkManager.swift */; };
/* End PBXBuildFile section */

/* Begin PBXFileReference section */
		BC38FAA82869D38C004E9EDC /* WeatherDataService.swift */ = {isa = PBXFileReference; lastKnownFileType = sourcecode.swift; path = WeatherDataService.swift; sourceTree = "<group>"; };
		BC38FAAA2869DA55004E9EDC /* WeatherForecast.swift */ = {isa = PBXFileReference; lastKnownFileType = sourcecode.swift; path = WeatherForecast.swift; sourceTree = "<group>"; };
		BC8B3537285144CB00AAD709 /* WeatherApp2.app */ = {isa = PBXFileReference; explicitFileType = wrapper.application; includeInIndex = 0; path = WeatherApp2.app; sourceTree = BUILT_PRODUCTS_DIR; };
		BC8B353A285144CB00AAD709 /* WeatherApp2App.swift */ = {isa = PBXFileReference; lastKnownFileType = sourcecode.swift; path = WeatherApp2App.swift; sourceTree = "<group>"; };
		BC8B353C285144CB00AAD709 /* ContentView.swift */ = {isa = PBXFileReference; lastKnownFileType = sourcecode.swift; path = ContentView.swift; sourceTree = "<group>"; };
		BC8B353E285144CD00AAD709 /* Assets.xcassets */ = {isa = PBXFileReference; lastKnownFileType = folder.assetcatalog; path = Assets.xcassets; sourceTree = "<group>"; };
		BC8B3541285144CD00AAD709 /* Preview Assets.xcassets */ = {isa = PBXFileReference; lastKnownFileType = folder.assetcatalog; path = "Preview Assets.xcassets"; sourceTree = "<group>"; };
		BC8B354B2851450F00AAD709 /* MainPageView.swift */ = {isa = PBXFileReference; lastKnownFileType = sourcecode.swift; path = MainPageView.swift; sourceTree = "<group>"; };
		BC8B354D28514AFD00AAD709 /* WeatherViewModel.swift */ = {isa = PBXFileReference; lastKnownFileType = sourcecode.swift; path = WeatherViewModel.swift; sourceTree = "<group>"; };
		BC8B354F28514C5400AAD709 /* WeatherModel.swift */ = {isa = PBXFileReference; lastKnownFileType = sourcecode.swift; path = WeatherModel.swift; sourceTree = "<group>"; };
		BC8B3551285154CB00AAD709 /* LocationViewModel.swift */ = {isa = PBXFileReference; lastKnownFileType = sourcecode.swift; path = LocationViewModel.swift; sourceTree = "<group>"; };
		BC8B35532851550900AAD709 /* LocationView.swift */ = {isa = PBXFileReference; lastKnownFileType = sourcecode.swift; path = LocationView.swift; sourceTree = "<group>"; };
		BC8B35552851576D00AAD709 /* ForecastModel.swift */ = {isa = PBXFileReference; lastKnownFileType = sourcecode.swift; path = ForecastModel.swift; sourceTree = "<group>"; };
		BC8B3557285228C400AAD709 /* Info.plist */ = {isa = PBXFileReference; lastKnownFileType = text.plist; path = Info.plist; sourceTree = "<group>"; };
		BCC1F95B2860938C0027C00E /* PreviewProvider.swift */ = {isa = PBXFileReference; lastKnownFileType = sourcecode.swift; path = PreviewProvider.swift; sourceTree = "<group>"; };
		BCD7D36928528CF7005FC7A3 /* ForecastPerDayView.swift */ = {isa = PBXFileReference; lastKnownFileType = sourcecode.swift; path = ForecastPerDayView.swift; sourceTree = "<group>"; };
		BCD7D36B28528D5A005FC7A3 /* ForecastPerHourView.swift */ = {isa = PBXFileReference; lastKnownFileType = sourcecode.swift; path = ForecastPerHourView.swift; sourceTree = "<group>"; };
		BCD7D36D28528DAB005FC7A3 /* CurrentWeatherView.swift */ = {isa = PBXFileReference; lastKnownFileType = sourcecode.swift; path = CurrentWeatherView.swift; sourceTree = "<group>"; };
		BCD7D37028538B21005FC7A3 /* LocationsData.swift */ = {isa = PBXFileReference; lastKnownFileType = sourcecode.swift; path = LocationsData.swift; sourceTree = "<group>"; };
		BCD7D37228538C68005FC7A3 /* CityModel.swift */ = {isa = PBXFileReference; lastKnownFileType = sourcecode.swift; path = CityModel.swift; sourceTree = "<group>"; };
		BCD7D3742853913B005FC7A3 /* CitiesListView.swift */ = {isa = PBXFileReference; lastKnownFileType = sourcecode.swift; path = CitiesListView.swift; sourceTree = "<group>"; };
		BCD7D37628573DDE005FC7A3 /* LocationMapAnnotationView.swift */ = {isa = PBXFileReference; lastKnownFileType = sourcecode.swift; path = LocationMapAnnotationView.swift; sourceTree = "<group>"; };
		BCDC1BD02869C8E7005754BC /* NetworkManager.swift */ = {isa = PBXFileReference; lastKnownFileType = sourcecode.swift; path = NetworkManager.swift; sourceTree = "<group>"; };
/* End PBXFileReference section */

/* Begin PBXFrameworksBuildPhase section */
		BC8B3534285144CB00AAD709 /* Frameworks */ = {
			isa = PBXFrameworksBuildPhase;
			buildActionMask = 2147483647;
			files = (
			);
			runOnlyForDeploymentPostprocessing = 0;
		};
/* End PBXFrameworksBuildPhase section */

/* Begin PBXGroup section */
		BC8B352E285144CB00AAD709 = {
			isa = PBXGroup;
			children = (
				BC8B3539285144CB00AAD709 /* WeatherApp2 */,
				BC8B3538285144CB00AAD709 /* Products */,
			);
			sourceTree = "<group>";
		};
		BC8B3538285144CB00AAD709 /* Products */ = {
			isa = PBXGroup;
			children = (
				BC8B3537285144CB00AAD709 /* WeatherApp2.app */,
			);
			name = Products;
			sourceTree = "<group>";
		};
		BC8B3539285144CB00AAD709 /* WeatherApp2 */ = {
			isa = PBXGroup;
			children = (
				BCDC1BCF2869C8D2005754BC /* Utilities */,
				BCDC1BD22869D334005754BC /* Services */,
				BCABE128286092EF0071BC48 /* Extensions */,
				BCD7D36F28538B10005FC7A3 /* Data */,
				BC8B3557285228C400AAD709 /* Info.plist */,
				BC8B354A285144E800AAD709 /* Model */,
				BC8B3549285144E100AAD709 /* ViewModel */,
				BC8B3548285144DB00AAD709 /* View */,
				BC8B353A285144CB00AAD709 /* WeatherApp2App.swift */,
				BC8B353C285144CB00AAD709 /* ContentView.swift */,
				BC8B353E285144CD00AAD709 /* Assets.xcassets */,
				BC8B3540285144CD00AAD709 /* Preview Content */,
			);
			path = WeatherApp2;
			sourceTree = "<group>";
		};
		BC8B3540285144CD00AAD709 /* Preview Content */ = {
			isa = PBXGroup;
			children = (
				BC8B3541285144CD00AAD709 /* Preview Assets.xcassets */,
			);
			path = "Preview Content";
			sourceTree = "<group>";
		};
		BC8B3548285144DB00AAD709 /* View */ = {
			isa = PBXGroup;
			children = (
				BCDC1BCE2869C7C1005754BC /* HomePage */,
				BCDC1BCD2869C7B3005754BC /* Map */,
			);
			path = View;
			sourceTree = "<group>";
		};
		BC8B3549285144E100AAD709 /* ViewModel */ = {
			isa = PBXGroup;
			children = (
				BC8B354D28514AFD00AAD709 /* WeatherViewModel.swift */,
				BC8B3551285154CB00AAD709 /* LocationViewModel.swift */,
			);
			path = ViewModel;
			sourceTree = "<group>";
		};
		BC8B354A285144E800AAD709 /* Model */ = {
			isa = PBXGroup;
			children = (
				BC8B354F28514C5400AAD709 /* WeatherModel.swift */,
				BC8B35552851576D00AAD709 /* ForecastModel.swift */,
				BCD7D37228538C68005FC7A3 /* CityModel.swift */,
			);
			path = Model;
			sourceTree = "<group>";
		};
		BCABE128286092EF0071BC48 /* Extensions */ = {
			isa = PBXGroup;
			children = (
				BCC1F95B2860938C0027C00E /* PreviewProvider.swift */,
			);
			path = Extensions;
			sourceTree = "<group>";
		};
		BCD7D36F28538B10005FC7A3 /* Data */ = {
			isa = PBXGroup;
			children = (
				BCD7D37028538B21005FC7A3 /* LocationsData.swift */,
			);
			path = Data;
			sourceTree = "<group>";
		};
		BCDC1BCD2869C7B3005754BC /* Map */ = {
			isa = PBXGroup;
			children = (
				BC8B35532851550900AAD709 /* LocationView.swift */,
				BCD7D3742853913B005FC7A3 /* CitiesListView.swift */,
				BCD7D37628573DDE005FC7A3 /* LocationMapAnnotationView.swift */,
			);
			path = Map;
			sourceTree = "<group>";
		};
		BCDC1BCE2869C7C1005754BC /* HomePage */ = {
			isa = PBXGroup;
			children = (
				BC8B354B2851450F00AAD709 /* MainPageView.swift */,
				BCD7D36D28528DAB005FC7A3 /* CurrentWeatherView.swift */,
				BCD7D36B28528D5A005FC7A3 /* ForecastPerHourView.swift */,
				BCD7D36928528CF7005FC7A3 /* ForecastPerDayView.swift */,
			);
			path = HomePage;
			sourceTree = "<group>";
		};
		BCDC1BCF2869C8D2005754BC /* Utilities */ = {
			isa = PBXGroup;
			children = (
				BCDC1BD02869C8E7005754BC /* NetworkManager.swift */,
			);
			path = Utilities;
			sourceTree = "<group>";
		};
		BCDC1BD22869D334005754BC /* Services */ = {
			isa = PBXGroup;
			children = (
				BC38FAA82869D38C004E9EDC /* WeatherDataService.swift */,
				BC38FAAA2869DA55004E9EDC /* WeatherForecast.swift */,
			);
			path = Services;
			sourceTree = "<group>";
		};
/* End PBXGroup section */

/* Begin PBXNativeTarget section */
		BC8B3536285144CB00AAD709 /* WeatherApp2 */ = {
			isa = PBXNativeTarget;
			buildConfigurationList = BC8B3545285144CD00AAD709 /* Build configuration list for PBXNativeTarget "WeatherApp2" */;
			buildPhases = (
				BC8B3533285144CB00AAD709 /* Sources */,
				BC8B3534285144CB00AAD709 /* Frameworks */,
				BC8B3535285144CB00AAD709 /* Resources */,
			);
			buildRules = (
			);
			dependencies = (
			);
			name = WeatherApp2;
			productName = WeatherApp2;
			productReference = BC8B3537285144CB00AAD709 /* WeatherApp2.app */;
			productType = "com.apple.product-type.application";
		};
/* End PBXNativeTarget section */

/* Begin PBXProject section */
		BC8B352F285144CB00AAD709 /* Project object */ = {
			isa = PBXProject;
			attributes = {
				BuildIndependentTargetsInParallel = 1;
				LastSwiftUpdateCheck = 1340;
				LastUpgradeCheck = 1340;
				TargetAttributes = {
					BC8B3536285144CB00AAD709 = {
						CreatedOnToolsVersion = 13.4.1;
					};
				};
			};
			buildConfigurationList = BC8B3532285144CB00AAD709 /* Build configuration list for PBXProject "WeatherApp2" */;
			compatibilityVersion = "Xcode 13.0";
			developmentRegion = en;
			hasScannedForEncodings = 0;
			knownRegions = (
				en,
				Base,
			);
			mainGroup = BC8B352E285144CB00AAD709;
			productRefGroup = BC8B3538285144CB00AAD709 /* Products */;
			projectDirPath = "";
			projectRoot = "";
			targets = (
				BC8B3536285144CB00AAD709 /* WeatherApp2 */,
			);
		};
/* End PBXProject section */

/* Begin PBXResourcesBuildPhase section */
		BC8B3535285144CB00AAD709 /* Resources */ = {
			isa = PBXResourcesBuildPhase;
			buildActionMask = 2147483647;
			files = (
				BC8B3542285144CD00AAD709 /* Preview Assets.xcassets in Resources */,
				BC8B353F285144CD00AAD709 /* Assets.xcassets in Resources */,
			);
			runOnlyForDeploymentPostprocessing = 0;
		};
/* End PBXResourcesBuildPhase section */

/* Begin PBXSourcesBuildPhase section */
		BC8B3533285144CB00AAD709 /* Sources */ = {
			isa = PBXSourcesBuildPhase;
			buildActionMask = 2147483647;
			files = (
				BC8B353D285144CB00AAD709 /* ContentView.swift in Sources */,
				BC38FAAB2869DA55004E9EDC /* WeatherForecast.swift in Sources */,
				BCD7D37728573DDE005FC7A3 /* LocationMapAnnotationView.swift in Sources */,
				BCD7D3752853913B005FC7A3 /* CitiesListView.swift in Sources */,
				BCD7D36A28528CF7005FC7A3 /* ForecastPerDayView.swift in Sources */,
				BC8B3552285154CB00AAD709 /* LocationViewModel.swift in Sources */,
				BCD7D36C28528D5A005FC7A3 /* ForecastPerHourView.swift in Sources */,
				BCD7D37328538C68005FC7A3 /* CityModel.swift in Sources */,
				BC8B354E28514AFD00AAD709 /* WeatherViewModel.swift in Sources */,
				BCD7D36E28528DAB005FC7A3 /* CurrentWeatherView.swift in Sources */,
				BC8B353B285144CB00AAD709 /* WeatherApp2App.swift in Sources */,
				BCDC1BD12869C8E7005754BC /* NetworkManager.swift in Sources */,
				BC8B35542851550900AAD709 /* LocationView.swift in Sources */,
				BCD7D37128538B21005FC7A3 /* LocationsData.swift in Sources */,
				BC8B354C2851450F00AAD709 /* MainPageView.swift in Sources */,
				BCC1F95C2860938C0027C00E /* PreviewProvider.swift in Sources */,
				BC8B35562851576D00AAD709 /* ForecastModel.swift in Sources */,
				BC38FAA92869D38C004E9EDC /* WeatherDataService.swift in Sources */,
				BC8B355028514C5400AAD709 /* WeatherModel.swift in Sources */,
			);
			runOnlyForDeploymentPostprocessing = 0;
		};
/* End PBXSourcesBuildPhase section */

/* Begin XCBuildConfiguration section */
		BC8B3543285144CD00AAD709 /* Debug */ = {
			isa = XCBuildConfiguration;
			buildSettings = {
				ALWAYS_SEARCH_USER_PATHS = NO;
				CLANG_ANALYZER_NONNULL = YES;
				CLANG_ANALYZER_NUMBER_OBJECT_CONVERSION = YES_AGGRESSIVE;
				CLANG_CXX_LANGUAGE_STANDARD = "gnu++17";
				CLANG_ENABLE_MODULES = YES;
				CLANG_ENABLE_OBJC_ARC = YES;
				CLANG_ENABLE_OBJC_WEAK = YES;
				CLANG_WARN_BLOCK_CAPTURE_AUTORELEASING = YES;
				CLANG_WARN_BOOL_CONVERSION = YES;
				CLANG_WARN_COMMA = YES;
				CLANG_WARN_CONSTANT_CONVERSION = YES;
				CLANG_WARN_DEPRECATED_OBJC_IMPLEMENTATIONS = YES;
				CLANG_WARN_DIRECT_OBJC_ISA_USAGE = YES_ERROR;
				CLANG_WARN_DOCUMENTATION_COMMENTS = YES;
				CLANG_WARN_EMPTY_BODY = YES;
				CLANG_WARN_ENUM_CONVERSION = YES;
				CLANG_WARN_INFINITE_RECURSION = YES;
				CLANG_WARN_INT_CONVERSION = YES;
				CLANG_WARN_NON_LITERAL_NULL_CONVERSION = YES;
				CLANG_WARN_OBJC_IMPLICIT_RETAIN_SELF = YES;
				CLANG_WARN_OBJC_LITERAL_CONVERSION = YES;
				CLANG_WARN_OBJC_ROOT_CLASS = YES_ERROR;
				CLANG_WARN_QUOTED_INCLUDE_IN_FRAMEWORK_HEADER = YES;
				CLANG_WARN_RANGE_LOOP_ANALYSIS = YES;
				CLANG_WARN_STRICT_PROTOTYPES = YES;
				CLANG_WARN_SUSPICIOUS_MOVE = YES;
				CLANG_WARN_UNGUARDED_AVAILABILITY = YES_AGGRESSIVE;
				CLANG_WARN_UNREACHABLE_CODE = YES;
				CLANG_WARN__DUPLICATE_METHOD_MATCH = YES;
				COPY_PHASE_STRIP = NO;
				DEBUG_INFORMATION_FORMAT = dwarf;
				ENABLE_STRICT_OBJC_MSGSEND = YES;
				ENABLE_TESTABILITY = YES;
				GCC_C_LANGUAGE_STANDARD = gnu11;
				GCC_DYNAMIC_NO_PIC = NO;
				GCC_NO_COMMON_BLOCKS = YES;
				GCC_OPTIMIZATION_LEVEL = 0;
				GCC_PREPROCESSOR_DEFINITIONS = (
					"DEBUG=1",
					"$(inherited)",
				);
				GCC_WARN_64_TO_32_BIT_CONVERSION = YES;
				GCC_WARN_ABOUT_RETURN_TYPE = YES_ERROR;
				GCC_WARN_UNDECLARED_SELECTOR = YES;
				GCC_WARN_UNINITIALIZED_AUTOS = YES_AGGRESSIVE;
				GCC_WARN_UNUSED_FUNCTION = YES;
				GCC_WARN_UNUSED_VARIABLE = YES;
				IPHONEOS_DEPLOYMENT_TARGET = 15.5;
				MTL_ENABLE_DEBUG_INFO = INCLUDE_SOURCE;
				MTL_FAST_MATH = YES;
				ONLY_ACTIVE_ARCH = YES;
				SDKROOT = iphoneos;
				SWIFT_ACTIVE_COMPILATION_CONDITIONS = DEBUG;
				SWIFT_OPTIMIZATION_LEVEL = "-Onone";
			};
			name = Debug;
		};
		BC8B3544285144CD00AAD709 /* Release */ = {
			isa = XCBuildConfiguration;
			buildSettings = {
				ALWAYS_SEARCH_USER_PATHS = NO;
				CLANG_ANALYZER_NONNULL = YES;
				CLANG_ANALYZER_NUMBER_OBJECT_CONVERSION = YES_AGGRESSIVE;
				CLANG_CXX_LANGUAGE_STANDARD = "gnu++17";
				CLANG_ENABLE_MODULES = YES;
				CLANG_ENABLE_OBJC_ARC = YES;
				CLANG_ENABLE_OBJC_WEAK = YES;
				CLANG_WARN_BLOCK_CAPTURE_AUTORELEASING = YES;
				CLANG_WARN_BOOL_CONVERSION = YES;
				CLANG_WARN_COMMA = YES;
				CLANG_WARN_CONSTANT_CONVERSION = YES;
				CLANG_WARN_DEPRECATED_OBJC_IMPLEMENTATIONS = YES;
				CLANG_WARN_DIRECT_OBJC_ISA_USAGE = YES_ERROR;
				CLANG_WARN_DOCUMENTATION_COMMENTS = YES;
				CLANG_WARN_EMPTY_BODY = YES;
				CLANG_WARN_ENUM_CONVERSION = YES;
				CLANG_WARN_INFINITE_RECURSION = YES;
				CLANG_WARN_INT_CONVERSION = YES;
				CLANG_WARN_NON_LITERAL_NULL_CONVERSION = YES;
				CLANG_WARN_OBJC_IMPLICIT_RETAIN_SELF = YES;
				CLANG_WARN_OBJC_LITERAL_CONVERSION = YES;
				CLANG_WARN_OBJC_ROOT_CLASS = YES_ERROR;
				CLANG_WARN_QUOTED_INCLUDE_IN_FRAMEWORK_HEADER = YES;
				CLANG_WARN_RANGE_LOOP_ANALYSIS = YES;
				CLANG_WARN_STRICT_PROTOTYPES = YES;
				CLANG_WARN_SUSPICIOUS_MOVE = YES;
				CLANG_WARN_UNGUARDED_AVAILABILITY = YES_AGGRESSIVE;
				CLANG_WARN_UNREACHABLE_CODE = YES;
				CLANG_WARN__DUPLICATE_METHOD_MATCH = YES;
				COPY_PHASE_STRIP = NO;
				DEBUG_INFORMATION_FORMAT = "dwarf-with-dsym";
				ENABLE_NS_ASSERTIONS = NO;
				ENABLE_STRICT_OBJC_MSGSEND = YES;
				GCC_C_LANGUAGE_STANDARD = gnu11;
				GCC_NO_COMMON_BLOCKS = YES;
				GCC_WARN_64_TO_32_BIT_CONVERSION = YES;
				GCC_WARN_ABOUT_RETURN_TYPE = YES_ERROR;
				GCC_WARN_UNDECLARED_SELECTOR = YES;
				GCC_WARN_UNINITIALIZED_AUTOS = YES_AGGRESSIVE;
				GCC_WARN_UNUSED_FUNCTION = YES;
				GCC_WARN_UNUSED_VARIABLE = YES;
				IPHONEOS_DEPLOYMENT_TARGET = 15.5;
				MTL_ENABLE_DEBUG_INFO = NO;
				MTL_FAST_MATH = YES;
				SDKROOT = iphoneos;
				SWIFT_COMPILATION_MODE = wholemodule;
				SWIFT_OPTIMIZATION_LEVEL = "-O";
				VALIDATE_PRODUCT = YES;
			};
			name = Release;
		};
		BC8B3546285144CD00AAD709 /* Debug */ = {
			isa = XCBuildConfiguration;
			buildSettings = {
				ASSETCATALOG_COMPILER_APPICON_NAME = AppIcon;
				ASSETCATALOG_COMPILER_GLOBAL_ACCENT_COLOR_NAME = AccentColor;
				CODE_SIGN_STYLE = Automatic;
				CURRENT_PROJECT_VERSION = 1;
				DEVELOPMENT_ASSET_PATHS = "\"WeatherApp2/Preview Content\"";
				DEVELOPMENT_TEAM = QDSBWXHJ8Z;
				ENABLE_PREVIEWS = YES;
				GENERATE_INFOPLIST_FILE = YES;
				INFOPLIST_FILE = WeatherApp2/Info.plist;
				INFOPLIST_KEY_NSLocationWhenInUseUsageDescription = "It need to show your location on the map";
				INFOPLIST_KEY_UIApplicationSceneManifest_Generation = YES;
				INFOPLIST_KEY_UIApplicationSupportsIndirectInputEvents = YES;
				INFOPLIST_KEY_UILaunchScreen_Generation = YES;
				INFOPLIST_KEY_UISupportedInterfaceOrientations_iPad = "UIInterfaceOrientationPortrait UIInterfaceOrientationPortraitUpsideDown UIInterfaceOrientationLandscapeLeft UIInterfaceOrientationLandscapeRight";
				INFOPLIST_KEY_UISupportedInterfaceOrientations_iPhone = "UIInterfaceOrientationPortrait UIInterfaceOrientationLandscapeLeft UIInterfaceOrientationLandscapeRight";
				LD_RUNPATH_SEARCH_PATHS = (
					"$(inherited)",
					"@executable_path/Frameworks",
				);
				MARKETING_VERSION = 1.0;
				PRODUCT_BUNDLE_IDENTIFIER = com.yakushev.WeatherApp2;
				PRODUCT_NAME = "$(TARGET_NAME)";
				SWIFT_EMIT_LOC_STRINGS = YES;
				SWIFT_VERSION = 5.0;
				TARGETED_DEVICE_FAMILY = "1,2";
			};
			name = Debug;
		};
		BC8B3547285144CD00AAD709 /* Release */ = {
			isa = XCBuildConfiguration;
			buildSettings = {
				ASSETCATALOG_COMPILER_APPICON_NAME = AppIcon;
				ASSETCATALOG_COMPILER_GLOBAL_ACCENT_COLOR_NAME = AccentColor;
				CODE_SIGN_STYLE = Automatic;
				CURRENT_PROJECT_VERSION = 1;
				DEVELOPMENT_ASSET_PATHS = "\"WeatherApp2/Preview Content\"";
				DEVELOPMENT_TEAM = QDSBWXHJ8Z;
				ENABLE_PREVIEWS = YES;
				GENERATE_INFOPLIST_FILE = YES;
				INFOPLIST_FILE = WeatherApp2/Info.plist;
				INFOPLIST_KEY_NSLocationWhenInUseUsageDescription = "It need to show your location on the map";
				INFOPLIST_KEY_UIApplicationSceneManifest_Generation = YES;
				INFOPLIST_KEY_UIApplicationSupportsIndirectInputEvents = YES;
				INFOPLIST_KEY_UILaunchScreen_Generation = YES;
				INFOPLIST_KEY_UISupportedInterfaceOrientations_iPad = "UIInterfaceOrientationPortrait UIInterfaceOrientationPortraitUpsideDown UIInterfaceOrientationLandscapeLeft UIInterfaceOrientationLandscapeRight";
				INFOPLIST_KEY_UISupportedInterfaceOrientations_iPhone = "UIInterfaceOrientationPortrait UIInterfaceOrientationLandscapeLeft UIInterfaceOrientationLandscapeRight";
				LD_RUNPATH_SEARCH_PATHS = (
					"$(inherited)",
					"@executable_path/Frameworks",
				);
				MARKETING_VERSION = 1.0;
				PRODUCT_BUNDLE_IDENTIFIER = com.yakushev.WeatherApp2;
				PRODUCT_NAME = "$(TARGET_NAME)";
				SWIFT_EMIT_LOC_STRINGS = YES;
				SWIFT_VERSION = 5.0;
				TARGETED_DEVICE_FAMILY = "1,2";
			};
			name = Release;
		};
/* End XCBuildConfiguration section */

/* Begin XCConfigurationList section */
		BC8B3532285144CB00AAD709 /* Build configuration list for PBXProject "WeatherApp2" */ = {
			isa = XCConfigurationList;
			buildConfigurations = (
				BC8B3543285144CD00AAD709 /* Debug */,
				BC8B3544285144CD00AAD709 /* Release */,
			);
			defaultConfigurationIsVisible = 0;
			defaultConfigurationName = Release;
		};
		BC8B3545285144CD00AAD709 /* Build configuration list for PBXNativeTarget "WeatherApp2" */ = {
			isa = XCConfigurationList;
			buildConfigurations = (
				BC8B3546285144CD00AAD709 /* Debug */,
				BC8B3547285144CD00AAD709 /* Release */,
			);
			defaultConfigurationIsVisible = 0;
			defaultConfigurationName = Release;
		};
/* End XCConfigurationList section */
	};
	rootObject = BC8B352F285144CB00AAD709 /* Project object */;
}
